
Microsoft Visual Studio Solution File, Format Version 12.00
# Visual Studio Version 17
VisualStudioVersion = 17.14.37216.2 d17.14
MinimumVisualStudioVersion = 10.0.40219.1
Project("{FAE04EC0-301F-11D3-BF4B-00C04F79EFBC}") = "Sketche3dWPF", "Sketche3dWPF\Sketche3dWPF.csproj", "{4759F502-E0F8-4FD1-AD56-2786177C317B}"
EndProject
Global
	GlobalSection(SolutionConfigurationPlatforms) = preSolution
		Debug|Any CPU = Debug|Any CPU
		Release|Any CPU = Release|Any CPU
	EndGlobalSection
	GlobalSection(ProjectConfigurationPlatforms) = postSolution
		{4759F502-E0F8-4FD1-AD56-2786177C317B}.Debug|Any CPU.ActiveCfg = Debug|Any CPU
		{4759F502-E0F8-4FD1-AD56-2786177C317B}.Debug|Any CPU.Build.0 = Debug|Any CPU
		{4759F502-E0F8-4FD1-AD56-2786177C317B}.Release|Any CPU.ActiveCfg = Release|Any CPU
		{4759F502-E0F8-4FD1-AD56-2786177C317B}.Release|Any CPU.Build.0 = Release|Any CPU
	EndGlobalSection
	GlobalSection(SolutionProperties) = preSolution
		HideSolutionNode = FALSE
	EndGlobalSection
	GlobalSection(ExtensibilityGlobals) = postSolution
		SolutionGuid = {16E546FB-B71E-4D43-A233-E7D788F53814}
	EndGlobalSection
EndGlobal
